
Microsoft Visual Studio Solution File, Format Version 12.00
# Visual Studio Version 17
VisualStudioVersion = 17.9.34701.34
MinimumVisualStudioVersion = 10.0.40219.1
Project("{FAE04EC0-301F-11D3-BF4B-00C04F79EFBC}") = "MyLmsMvc", "MyLmsMvc\MyLmsMvc.csproj", "{44E3E425-D358-4AAD-BEAA-659D3EB6F34B}"
EndProject
Global
	GlobalSection(SolutionConfigurationPlatforms) = preSolution
		Debug|Any CPU = Debug|Any CPU
		Release|Any CPU = Release|Any CPU
	EndGlobalSection
	GlobalSection(ProjectConfigurationPlatforms) = postSolution
		{44E3E425-D358-4AAD-BEAA-659D3EB6F34B}.Debug|Any CPU.ActiveCfg = Debug|Any CPU
		{44E3E425-D358-4AAD-BEAA-659D3EB6F34B}.Debug|Any CPU.Build.0 = Debug|Any CPU
		{44E3E425-D358-4AAD-BEAA-659D3EB6F34B}.Release|Any CPU.ActiveCfg = Release|Any CPU
		{44E3E425-D358-4AAD-BEAA-659D3EB6F34B}.Release|Any CPU.Build.0 = Release|Any CPU
	EndGlobalSection
	GlobalSection(SolutionProperties) = preSolution
		HideSolutionNode = FALSE
	EndGlobalSection
	GlobalSection(ExtensibilityGlobals) = postSolution
		SolutionGuid = {229F6D08-99B2-44FA-850C-9D049A10D159}
	EndGlobalSection
EndGlobal
